
Microsoft Visual Studio Solution File, Format Version 12.00
# Visual Studio Version 17
VisualStudioVersion = 17.10.35013.160
MinimumVisualStudioVersion = 10.0.40219.1
Project("{FAE04EC0-301F-11D3-BF4B-00C04F79EFBC}") = "WebBanHang", "WebBanHang\WebBanHang.csproj", "{774B1E32-78C3-48B1-8E7E-0A39D0FDA252}"
EndProject
Global
	GlobalSection(SolutionConfigurationPlatforms) = preSolution
		Debug|Any CPU = Debug|Any CPU
		Release|Any CPU = Release|Any CPU
	EndGlobalSection
	GlobalSection(ProjectConfigurationPlatforms) = postSolution
		{774B1E32-78C3-48B1-8E7E-0A39D0FDA252}.Debug|Any CPU.ActiveCfg = Debug|Any CPU
		{774B1E32-78C3-48B1-8E7E-0A39D0FDA252}.Debug|Any CPU.Build.0 = Debug|Any CPU
		{774B1E32-78C3-48B1-8E7E-0A39D0FDA252}.Release|Any CPU.ActiveCfg = Release|Any CPU
		{774B1E32-78C3-48B1-8E7E-0A39D0FDA252}.Release|Any CPU.Build.0 = Release|Any CPU
	EndGlobalSection
	GlobalSection(SolutionProperties) = preSolution
		HideSolutionNode = FALSE
	EndGlobalSection
	GlobalSection(ExtensibilityGlobals) = postSolution
		SolutionGuid = {711BE13A-193F-4C65-8C59-A67D606E654D}
	EndGlobalSection
EndGlobal
